// !$*UTF8*$!
{
	archiveVersion = 1;
	classes = {
	};
	objectVersion = 50;
	objects = {

/* Begin PBXBuildFile section */
		35149FAF24C9C3B300AC9F06 /* AppDelegate.swift in Sources */ = {isa = PBXBuildFile; fileRef = 35149FAE24C9C3B300AC9F06 /* AppDelegate.swift */; };
		35149FB124C9C3B300AC9F06 /* SceneDelegate.swift in Sources */ = {isa = PBXBuildFile; fileRef = 35149FB024C9C3B300AC9F06 /* SceneDelegate.swift */; };
		35149FB324C9C3B300AC9F06 /* ViewController.swift in Sources */ = {isa = PBXBuildFile; fileRef = 35149FB224C9C3B300AC9F06 /* ViewController.swift */; };
		35149FB824C9C3B400AC9F06 /* Assets.xcassets in Resources */ = {isa = PBXBuildFile; fileRef = 35149FB724C9C3B400AC9F06 /* Assets.xcassets */; };
		35149FBB24C9C3B400AC9F06 /* LaunchScreen.storyboard in Resources */ = {isa = PBXBuildFile; fileRef = 35149FB924C9C3B400AC9F06 /* LaunchScreen.storyboard */; };
		35149FC024C9C3B400AC9F06 /* PsychicTester WatchKit App.app in Embed Watch Content */ = {isa = PBXBuildFile; fileRef = 35149FBF24C9C3B400AC9F06 /* PsychicTester WatchKit App.app */; settings = {ATTRIBUTES = (RemoveHeadersOnCopy, ); }; };
		35149FC624C9C3B400AC9F06 /* Interface.storyboard in Resources */ = {isa = PBXBuildFile; fileRef = 35149FC424C9C3B400AC9F06 /* Interface.storyboard */; };
		35149FC824C9C3B500AC9F06 /* Assets.xcassets in Resources */ = {isa = PBXBuildFile; fileRef = 35149FC724C9C3B500AC9F06 /* Assets.xcassets */; };
		35149FCF24C9C3B500AC9F06 /* PsychicTester WatchKit Extension.appex in Embed App Extensions */ = {isa = PBXBuildFile; fileRef = 35149FCE24C9C3B500AC9F06 /* PsychicTester WatchKit Extension.appex */; settings = {ATTRIBUTES = (RemoveHeadersOnCopy, ); }; };
		35149FD424C9C3B500AC9F06 /* InterfaceController.swift in Sources */ = {isa = PBXBuildFile; fileRef = 35149FD324C9C3B500AC9F06 /* InterfaceController.swift */; };
		35149FD624C9C3B500AC9F06 /* ExtensionDelegate.swift in Sources */ = {isa = PBXBuildFile; fileRef = 35149FD524C9C3B500AC9F06 /* ExtensionDelegate.swift */; };
		35149FD824C9C3B600AC9F06 /* Assets.xcassets in Resources */ = {isa = PBXBuildFile; fileRef = 35149FD724C9C3B600AC9F06 /* Assets.xcassets */; };
		35149FE824C9C57A00AC9F06 /* CardViewController.swift in Sources */ = {isa = PBXBuildFile; fileRef = 35149FE724C9C57A00AC9F06 /* CardViewController.swift */; };
		35149FEC24C9C62500AC9F06 /* PhantomFromSpace.mp3 in Resources */ = {isa = PBXBuildFile; fileRef = 35149FEA24C9C62500AC9F06 /* PhantomFromSpace.mp3 */; };
		35149FED24C9C62500AC9F06 /* README.txt in Resources */ = {isa = PBXBuildFile; fileRef = 35149FEB24C9C62500AC9F06 /* README.txt */; };
		35149FEF24D03E3A00AC9F06 /* GradientView.swift in Sources */ = {isa = PBXBuildFile; fileRef = 35149FEE24D03E3A00AC9F06 /* GradientView.swift */; };
		35149FF124D04CDB00AC9F06 /* Main.storyboard in Resources */ = {isa = PBXBuildFile; fileRef = 35149FF024D04CDB00AC9F06 /* Main.storyboard */; };
/* End PBXBuildFile section */

/* Begin PBXContainerItemProxy section */
		35149FC124C9C3B400AC9F06 /* PBXContainerItemProxy */ = {
			isa = PBXContainerItemProxy;
			containerPortal = 35149FA324C9C3B300AC9F06 /* Project object */;
			proxyType = 1;
			remoteGlobalIDString = 35149FBE24C9C3B400AC9F06;
			remoteInfo = "PsychicTester WatchKit App";
		};
		35149FD024C9C3B500AC9F06 /* PBXContainerItemProxy */ = {
			isa = PBXContainerItemProxy;
			containerPortal = 35149FA324C9C3B300AC9F06 /* Project object */;
			proxyType = 1;
			remoteGlobalIDString = 35149FCD24C9C3B500AC9F06;
			remoteInfo = "PsychicTester WatchKit Extension";
		};
/* End PBXContainerItemProxy section */

/* Begin PBXCopyFilesBuildPhase section */
		35149FDF24C9C3B600AC9F06 /* Embed App Extensions */ = {
			isa = PBXCopyFilesBuildPhase;
			buildActionMask = 2147483647;
			dstPath = "";
			dstSubfolderSpec = 13;
			files = (
				35149FCF24C9C3B500AC9F06 /* PsychicTester WatchKit Extension.appex in Embed App Extensions */,
			);
			name = "Embed App Extensions";
			runOnlyForDeploymentPostprocessing = 0;
		};
		35149FE324C9C3B600AC9F06 /* Embed Watch Content */ = {
			isa = PBXCopyFilesBuildPhase;
			buildActionMask = 2147483647;
			dstPath = "$(CONTENTS_FOLDER_PATH)/Watch";
			dstSubfolderSpec = 16;
			files = (
				35149FC024C9C3B400AC9F06 /* PsychicTester WatchKit App.app in Embed Watch Content */,
			);
			name = "Embed Watch Content";
			runOnlyForDeploymentPostprocessing = 0;
		};
/* End PBXCopyFilesBuildPhase section */

/* Begin PBXFileReference section */
		35149FAB24C9C3B300AC9F06 /* PsychicTester.app */ = {isa = PBXFileReference; explicitFileType = wrapper.application; includeInIndex = 0; path = PsychicTester.app; sourceTree = BUILT_PRODUCTS_DIR; };
		35149FAE24C9C3B300AC9F06 /* AppDelegate.swift */ = {isa = PBXFileReference; lastKnownFileType = sourcecode.swift; path = AppDelegate.swift; sourceTree = "<group>"; };
		35149FB024C9C3B300AC9F06 /* SceneDelegate.swift */ = {isa = PBXFileReference; lastKnownFileType = sourcecode.swift; path = SceneDelegate.swift; sourceTree = "<group>"; };
		35149FB224C9C3B300AC9F06 /* ViewController.swift */ = {isa = PBXFileReference; lastKnownFileType = sourcecode.swift; path = ViewController.swift; sourceTree = "<group>"; };
		35149FB724C9C3B400AC9F06 /* Assets.xcassets */ = {isa = PBXFileReference; lastKnownFileType = folder.assetcatalog; path = Assets.xcassets; sourceTree = "<group>"; };
		35149FBA24C9C3B400AC9F06 /* Base */ = {isa = PBXFileReference; lastKnownFileType = file.storyboard; name = Base; path = Base.lproj/LaunchScreen.storyboard; sourceTree = "<group>"; };
		35149FBC24C9C3B400AC9F06 /* Info.plist */ = {isa = PBXFileReference; lastKnownFileType = text.plist.xml; path = Info.plist; sourceTree = "<group>"; };
		35149FBF24C9C3B400AC9F06 /* PsychicTester WatchKit App.app */ = {isa = PBXFileReference; explicitFileType = wrapper.application; includeInIndex = 0; path = "PsychicTester WatchKit App.app"; sourceTree = BUILT_PRODUCTS_DIR; };
		35149FC524C9C3B400AC9F06 /* Base */ = {isa = PBXFileReference; lastKnownFileType = file.storyboard; name = Base; path = Base.lproj/Interface.storyboard; sourceTree = "<group>"; };
		35149FC724C9C3B500AC9F06 /* Assets.xcassets */ = {isa = PBXFileReference; lastKnownFileType = folder.assetcatalog; path = Assets.xcassets; sourceTree = "<group>"; };
		35149FC924C9C3B500AC9F06 /* Info.plist */ = {isa = PBXFileReference; lastKnownFileType = text.plist.xml; path = Info.plist; sourceTree = "<group>"; };
		35149FCE24C9C3B500AC9F06 /* PsychicTester WatchKit Extension.appex */ = {isa = PBXFileReference; explicitFileType = "wrapper.app-extension"; includeInIndex = 0; path = "PsychicTester WatchKit Extension.appex"; sourceTree = BUILT_PRODUCTS_DIR; };
		35149FD324C9C3B500AC9F06 /* InterfaceController.swift */ = {isa = PBXFileReference; lastKnownFileType = sourcecode.swift; path = InterfaceController.swift; sourceTree = "<group>"; };
		35149FD524C9C3B500AC9F06 /* ExtensionDelegate.swift */ = {isa = PBXFileReference; lastKnownFileType = sourcecode.swift; path = ExtensionDelegate.swift; sourceTree = "<group>"; };
		35149FD724C9C3B600AC9F06 /* Assets.xcassets */ = {isa = PBXFileReference; lastKnownFileType = folder.assetcatalog; path = Assets.xcassets; sourceTree = "<group>"; };
		35149FD924C9C3B600AC9F06 /* Info.plist */ = {isa = PBXFileReference; lastKnownFileType = text.plist.xml; path = Info.plist; sourceTree = "<group>"; };
		35149FE724C9C57A00AC9F06 /* CardViewController.swift */ = {isa = PBXFileReference; lastKnownFileType = sourcecode.swift; path = CardViewController.swift; sourceTree = "<group>"; };
		35149FEA24C9C62500AC9F06 /* PhantomFromSpace.mp3 */ = {isa = PBXFileReference; lastKnownFileType = audio.mp3; path = PhantomFromSpace.mp3; sourceTree = "<group>"; };
		35149FEB24C9C62500AC9F06 /* README.txt */ = {isa = PBXFileReference; fileEncoding = 4; lastKnownFileType = text; path = README.txt; sourceTree = "<group>"; };
		35149FEE24D03E3A00AC9F06 /* GradientView.swift */ = {isa = PBXFileReference; lastKnownFileType = sourcecode.swift; path = GradientView.swift; sourceTree = "<group>"; };
		35149FF024D04CDB00AC9F06 /* Main.storyboard */ = {isa = PBXFileReference; fileEncoding = 4; lastKnownFileType = file.storyboard; path = Main.storyboard; sourceTree = "<group>"; };
/* End PBXFileReference section */

/* Begin PBXFrameworksBuildPhase section */
		35149FA824C9C3B300AC9F06 /* Frameworks */ = {
			isa = PBXFrameworksBuildPhase;
			buildActionMask = 2147483647;
			files = (
			);
			runOnlyForDeploymentPostprocessing = 0;
		};
		35149FCB24C9C3B500AC9F06 /* Frameworks */ = {
			isa = PBXFrameworksBuildPhase;
			buildActionMask = 2147483647;
			files = (
			);
			runOnlyForDeploymentPostprocessing = 0;
		};
/* End PBXFrameworksBuildPhase section */

/* Begin PBXGroup section */
		35149FA224C9C3B300AC9F06 = {
			isa = PBXGroup;
			children = (
				35149FAD24C9C3B300AC9F06 /* PsychicTester */,
				35149FC324C9C3B400AC9F06 /* PsychicTester WatchKit App */,
				35149FD224C9C3B500AC9F06 /* PsychicTester WatchKit Extension */,
				35149FAC24C9C3B300AC9F06 /* Products */,
			);
			sourceTree = "<group>";
		};
		35149FAC24C9C3B300AC9F06 /* Products */ = {
			isa = PBXGroup;
			children = (
				35149FAB24C9C3B300AC9F06 /* PsychicTester.app */,
				35149FBF24C9C3B400AC9F06 /* PsychicTester WatchKit App.app */,
				35149FCE24C9C3B500AC9F06 /* PsychicTester WatchKit Extension.appex */,
			);
			name = Products;
			sourceTree = "<group>";
		};
		35149FAD24C9C3B300AC9F06 /* PsychicTester */ = {
			isa = PBXGroup;
			children = (
				35149FE924C9C62500AC9F06 /* Content */,
				35149FAE24C9C3B300AC9F06 /* AppDelegate.swift */,
				35149FB024C9C3B300AC9F06 /* SceneDelegate.swift */,
				35149FB224C9C3B300AC9F06 /* ViewController.swift */,
				35149FE724C9C57A00AC9F06 /* CardViewController.swift */,
				35149FEE24D03E3A00AC9F06 /* GradientView.swift */,
				35149FF024D04CDB00AC9F06 /* Main.storyboard */,
				35149FB724C9C3B400AC9F06 /* Assets.xcassets */,
				35149FB924C9C3B400AC9F06 /* LaunchScreen.storyboard */,
				35149FBC24C9C3B400AC9F06 /* Info.plist */,
			);
			path = PsychicTester;
			sourceTree = "<group>";
		};
		35149FC324C9C3B400AC9F06 /* PsychicTester WatchKit App */ = {
			isa = PBXGroup;
			children = (
				35149FC424C9C3B400AC9F06 /* Interface.storyboard */,
				35149FC724C9C3B500AC9F06 /* Assets.xcassets */,
				35149FC924C9C3B500AC9F06 /* Info.plist */,
			);
			path = "PsychicTester WatchKit App";
			sourceTree = "<group>";
		};
		35149FD224C9C3B500AC9F06 /* PsychicTester WatchKit Extension */ = {
			isa = PBXGroup;
			children = (
				35149FD324C9C3B500AC9F06 /* InterfaceController.swift */,
				35149FD524C9C3B500AC9F06 /* ExtensionDelegate.swift */,
				35149FD724C9C3B600AC9F06 /* Assets.xcassets */,
				35149FD924C9C3B600AC9F06 /* Info.plist */,
			);
			path = "PsychicTester WatchKit Extension";
			sourceTree = "<group>";
		};
		35149FE924C9C62500AC9F06 /* Content */ = {
			isa = PBXGroup;
			children = (
				35149FEA24C9C62500AC9F06 /* PhantomFromSpace.mp3 */,
				35149FEB24C9C62500AC9F06 /* README.txt */,
			);
			path = Content;
			sourceTree = "<group>";
		};
/* End PBXGroup section */

/* Begin PBXNativeTarget section */
		35149FAA24C9C3B300AC9F06 /* PsychicTester */ = {
			isa = PBXNativeTarget;
			buildConfigurationList = 35149FE424C9C3B600AC9F06 /* Build configuration list for PBXNativeTarget "PsychicTester" */;
			buildPhases = (
				35149FA724C9C3B300AC9F06 /* Sources */,
				35149FA824C9C3B300AC9F06 /* Frameworks */,
				35149FA924C9C3B300AC9F06 /* Resources */,
				35149FE324C9C3B600AC9F06 /* Embed Watch Content */,
			);
			buildRules = (
			);
			dependencies = (
				35149FC224C9C3B400AC9F06 /* PBXTargetDependency */,
			);
			name = PsychicTester;
			productName = PsychicTester;
			productReference = 35149FAB24C9C3B300AC9F06 /* PsychicTester.app */;
			productType = "com.apple.product-type.application";
		};
		35149FBE24C9C3B400AC9F06 /* PsychicTester WatchKit App */ = {
			isa = PBXNativeTarget;
			buildConfigurationList = 35149FE024C9C3B600AC9F06 /* Build configuration list for PBXNativeTarget "PsychicTester WatchKit App" */;
			buildPhases = (
				35149FBD24C9C3B400AC9F06 /* Resources */,
				35149FDF24C9C3B600AC9F06 /* Embed App Extensions */,
			);
			buildRules = (
			);
			dependencies = (
				35149FD124C9C3B500AC9F06 /* PBXTargetDependency */,
			);
			name = "PsychicTester WatchKit App";
			productName = "PsychicTester WatchKit App";
			productReference = 35149FBF24C9C3B400AC9F06 /* PsychicTester WatchKit App.app */;
			productType = "com.apple.product-type.application.watchapp2";
		};
		35149FCD24C9C3B500AC9F06 /* PsychicTester WatchKit Extension */ = {
			isa = PBXNativeTarget;
			buildConfigurationList = 35149FDC24C9C3B600AC9F06 /* Build configuration list for PBXNativeTarget "PsychicTester WatchKit Extension" */;
			buildPhases = (
				35149FCA24C9C3B500AC9F06 /* Sources */,
				35149FCB24C9C3B500AC9F06 /* Frameworks */,
				35149FCC24C9C3B500AC9F06 /* Resources */,
			);
			buildRules = (
			);
			dependencies = (
			);
			name = "PsychicTester WatchKit Extension";
			productName = "PsychicTester WatchKit Extension";
			productReference = 35149FCE24C9C3B500AC9F06 /* PsychicTester WatchKit Extension.appex */;
			productType = "com.apple.product-type.watchkit2-extension";
		};
/* End PBXNativeTarget section */

/* Begin PBXProject section */
		35149FA324C9C3B300AC9F06 /* Project object */ = {
			isa = PBXProject;
			attributes = {
				LastSwiftUpdateCheck = 1160;
				LastUpgradeCheck = 1160;
				ORGANIZATIONNAME = "Dmitry Reshetnik";
				TargetAttributes = {
					35149FAA24C9C3B300AC9F06 = {
						CreatedOnToolsVersion = 11.6;
					};
					35149FBE24C9C3B400AC9F06 = {
						CreatedOnToolsVersion = 11.6;
					};
					35149FCD24C9C3B500AC9F06 = {
						CreatedOnToolsVersion = 11.6;
					};
				};
			};
			buildConfigurationList = 35149FA624C9C3B300AC9F06 /* Build configuration list for PBXProject "PsychicTester" */;
			compatibilityVersion = "Xcode 9.3";
			developmentRegion = en;
			hasScannedForEncodings = 0;
			knownRegions = (
				en,
				Base,
			);
			mainGroup = 35149FA224C9C3B300AC9F06;
			productRefGroup = 35149FAC24C9C3B300AC9F06 /* Products */;
			projectDirPath = "";
			projectRoot = "";
			targets = (
				35149FAA24C9C3B300AC9F06 /* PsychicTester */,
				35149FBE24C9C3B400AC9F06 /* PsychicTester WatchKit App */,
				35149FCD24C9C3B500AC9F06 /* PsychicTester WatchKit Extension */,
			);
		};
/* End PBXProject section */

/* Begin PBXResourcesBuildPhase section */
		35149FA924C9C3B300AC9F06 /* Resources */ = {
			isa = PBXResourcesBuildPhase;
			buildActionMask = 2147483647;
			files = (
				35149FBB24C9C3B400AC9F06 /* LaunchScreen.storyboard in Resources */,
				35149FF124D04CDB00AC9F06 /* Main.storyboard in Resources */,
				35149FEC24C9C62500AC9F06 /* PhantomFromSpace.mp3 in Resources */,
				35149FB824C9C3B400AC9F06 /* Assets.xcassets in Resources */,
				35149FED24C9C62500AC9F06 /* README.txt in Resources */,
			);
			runOnlyForDeploymentPostprocessing = 0;
		};
		35149FBD24C9C3B400AC9F06 /* Resources */ = {
			isa = PBXResourcesBuildPhase;
			buildActionMask = 2147483647;
			files = (
				35149FC824C9C3B500AC9F06 /* Assets.xcassets in Resources */,
				35149FC624C9C3B400AC9F06 /* Interface.storyboard in Resources */,
			);
			runOnlyForDeploymentPostprocessing = 0;
		};
		35149FCC24C9C3B500AC9F06 /* Resources */ = {
			isa = PBXResourcesBuildPhase;
			buildActionMask = 2147483647;
			files = (
				35149FD824C9C3B600AC9F06 /* Assets.xcassets in Resources */,
			);
			runOnlyForDeploymentPostprocessing = 0;
		};
/* End PBXResourcesBuildPhase section */

/* Begin PBXSourcesBuildPhase section */
		35149FA724C9C3B300AC9F06 /* Sources */ = {
			isa = PBXSourcesBuildPhase;
			buildActionMask = 2147483647;
			files = (
				35149FE824C9C57A00AC9F06 /* CardViewController.swift in Sources */,
				35149FB324C9C3B300AC9F06 /* ViewController.swift in Sources */,
				35149FEF24D03E3A00AC9F06 /* GradientView.swift in Sources */,
				35149FAF24C9C3B300AC9F06 /* AppDelegate.swift in Sources */,
				35149FB124C9C3B300AC9F06 /* SceneDelegate.swift in Sources */,
			);
			runOnlyForDeploymentPostprocessing = 0;
		};
		35149FCA24C9C3B500AC9F06 /* Sources */ = {
			isa = PBXSourcesBuildPhase;
			buildActionMask = 2147483647;
			files = (
				35149FD624C9C3B500AC9F06 /* ExtensionDelegate.swift in Sources */,
				35149FD424C9C3B500AC9F06 /* InterfaceController.swift in Sources */,
			);
			runOnlyForDeploymentPostprocessing = 0;
		};
/* End PBXSourcesBuildPhase section */

/* Begin PBXTargetDependency section */
		35149FC224C9C3B400AC9F06 /* PBXTargetDependency */ = {
			isa = PBXTargetDependency;
			target = 35149FBE24C9C3B400AC9F06 /* PsychicTester WatchKit App */;
			targetProxy = 35149FC124C9C3B400AC9F06 /* PBXContainerItemProxy */;
		};
		35149FD124C9C3B500AC9F06 /* PBXTargetDependency */ = {
			isa = PBXTargetDependency;
			target = 35149FCD24C9C3B500AC9F06 /* PsychicTester WatchKit Extension */;
			targetProxy = 35149FD024C9C3B500AC9F06 /* PBXContainerItemProxy */;
		};
/* End PBXTargetDependency section */

/* Begin PBXVariantGroup section */
		35149FB924C9C3B400AC9F06 /* LaunchScreen.storyboard */ = {
			isa = PBXVariantGroup;
			children = (
				35149FBA24C9C3B400AC9F06 /* Base */,
			);
			name = LaunchScreen.storyboard;
			sourceTree = "<group>";
		};
		35149FC424C9C3B400AC9F06 /* Interface.storyboard */ = {
			isa = PBXVariantGroup;
			children = (
				35149FC524C9C3B400AC9F06 /* Base */,
			);
			name = Interface.storyboard;
			sourceTree = "<group>";
		};
/* End PBXVariantGroup section */

/* Begin XCBuildConfiguration section */
		35149FDA24C9C3B600AC9F06 /* Debug */ = {
			isa = XCBuildConfiguration;
			buildSettings = {
				ALWAYS_SEARCH_USER_PATHS = NO;
				CLANG_ANALYZER_NONNULL = YES;
				CLANG_ANALYZER_NUMBER_OBJECT_CONVERSION = YES_AGGRESSIVE;
				CLANG_CXX_LANGUAGE_STANDARD = "gnu++14";
				CLANG_CXX_LIBRARY = "libc++";
				CLANG_ENABLE_MODULES = YES;
				CLANG_ENABLE_OBJC_ARC = YES;
				CLANG_ENABLE_OBJC_WEAK = YES;
				CLANG_WARN_BLOCK_CAPTURE_AUTORELEASING = YES;
				CLANG_WARN_BOOL_CONVERSION = YES;
				CLANG_WARN_COMMA = YES;
				CLANG_WARN_CONSTANT_CONVERSION = YES;
				CLANG_WARN_DEPRECATED_OBJC_IMPLEMENTATIONS = YES;
				CLANG_WARN_DIRECT_OBJC_ISA_USAGE = YES_ERROR;
				CLANG_WARN_DOCUMENTATION_COMMENTS = YES;
				CLANG_WARN_EMPTY_BODY = YES;
				CLANG_WARN_ENUM_CONVERSION = YES;
				CLANG_WARN_INFINITE_RECURSION = YES;
				CLANG_WARN_INT_CONVERSION = YES;
				CLANG_WARN_NON_LITERAL_NULL_CONVERSION = YES;
				CLANG_WARN_OBJC_IMPLICIT_RETAIN_SELF = YES;
				CLANG_WARN_OBJC_LITERAL_CONVERSION = YES;
				CLANG_WARN_OBJC_ROOT_CLASS = YES_ERROR;
				CLANG_WARN_RANGE_LOOP_ANALYSIS = YES;
				CLANG_WARN_STRICT_PROTOTYPES = YES;
				CLANG_WARN_SUSPICIOUS_MOVE = YES;
				CLANG_WARN_UNGUARDED_AVAILABILITY = YES_AGGRESSIVE;
				CLANG_WARN_UNREACHABLE_CODE = YES;
				CLANG_WARN__DUPLICATE_METHOD_MATCH = YES;
				COPY_PHASE_STRIP = NO;
				DEBUG_INFORMATION_FORMAT = dwarf;
				ENABLE_STRICT_OBJC_MSGSEND = YES;
				ENABLE_TESTABILITY = YES;
				GCC_C_LANGUAGE_STANDARD = gnu11;
				GCC_DYNAMIC_NO_PIC = NO;
				GCC_NO_COMMON_BLOCKS = YES;
				GCC_OPTIMIZATION_LEVEL = 0;
				GCC_PREPROCESSOR_DEFINITIONS = (
					"DEBUG=1",
					"$(inherited)",
				);
				GCC_WARN_64_TO_32_BIT_CONVERSION = YES;
				GCC_WARN_ABOUT_RETURN_TYPE = YES_ERROR;
				GCC_WARN_UNDECLARED_SELECTOR = YES;
				GCC_WARN_UNINITIALIZED_AUTOS = YES_AGGRESSIVE;
				GCC_WARN_UNUSED_FUNCTION = YES;
				GCC_WARN_UNUSED_VARIABLE = YES;
				IPHONEOS_DEPLOYMENT_TARGET = 13.6;
				MTL_ENABLE_DEBUG_INFO = INCLUDE_SOURCE;
				MTL_FAST_MATH = YES;
				ONLY_ACTIVE_ARCH = YES;
				SDKROOT = iphoneos;
				SWIFT_ACTIVE_COMPILATION_CONDITIONS = DEBUG;
				SWIFT_OPTIMIZATION_LEVEL = "-Onone";
			};
			name = Debug;
		};
		35149FDB24C9C3B600AC9F06 /* Release */ = {
			isa = XCBuildConfiguration;
			buildSettings = {
				ALWAYS_SEARCH_USER_PATHS = NO;
				CLANG_ANALYZER_NONNULL = YES;
				CLANG_ANALYZER_NUMBER_OBJECT_CONVERSION = YES_AGGRESSIVE;
				CLANG_CXX_LANGUAGE_STANDARD = "gnu++14";
				CLANG_CXX_LIBRARY = "libc++";
				CLANG_ENABLE_MODULES = YES;
				CLANG_ENABLE_OBJC_ARC = YES;
				CLANG_ENABLE_OBJC_WEAK = YES;
				CLANG_WARN_BLOCK_CAPTURE_AUTORELEASING = YES;
				CLANG_WARN_BOOL_CONVERSION = YES;
				CLANG_WARN_COMMA = YES;
				CLANG_WARN_CONSTANT_CONVERSION = YES;
				CLANG_WARN_DEPRECATED_OBJC_IMPLEMENTATIONS = YES;
				CLANG_WARN_DIRECT_OBJC_ISA_USAGE = YES_ERROR;
				CLANG_WARN_DOCUMENTATION_COMMENTS = YES;
				CLANG_WARN_EMPTY_BODY = YES;
				CLANG_WARN_ENUM_CONVERSION = YES;
				CLANG_WARN_INFINITE_RECURSION = YES;
				CLANG_WARN_INT_CONVERSION = YES;
				CLANG_WARN_NON_LITERAL_NULL_CONVERSION = YES;
				CLANG_WARN_OBJC_IMPLICIT_RETAIN_SELF = YES;
				CLANG_WARN_OBJC_LITERAL_CONVERSION = YES;
				CLANG_WARN_OBJC_ROOT_CLASS = YES_ERROR;
				CLANG_WARN_RANGE_LOOP_ANALYSIS = YES;
				CLANG_WARN_STRICT_PROTOTYPES = YES;
				CLANG_WARN_SUSPICIOUS_MOVE = YES;
				CLANG_WARN_UNGUARDED_AVAILABILITY = YES_AGGRESSIVE;
				CLANG_WARN_UNREACHABLE_CODE = YES;
				CLANG_WARN__DUPLICATE_METHOD_MATCH = YES;
				COPY_PHASE_STRIP = NO;
				DEBUG_INFORMATION_FORMAT = "dwarf-with-dsym";
				ENABLE_NS_ASSERTIONS = NO;
				ENABLE_STRICT_OBJC_MSGSEND = YES;
				GCC_C_LANGUAGE_STANDARD = gnu11;
				GCC_NO_COMMON_BLOCKS = YES;
				GCC_WARN_64_TO_32_BIT_CONVERSION = YES;
				GCC_WARN_ABOUT_RETURN_TYPE = YES_ERROR;
				GCC_WARN_UNDECLARED_SELECTOR = YES;
				GCC_WARN_UNINITIALIZED_AUTOS = YES_AGGRESSIVE;
				GCC_WARN_UNUSED_FUNCTION = YES;
				GCC_WARN_UNUSED_VARIABLE = YES;
				IPHONEOS_DEPLOYMENT_TARGET = 13.6;
				MTL_ENABLE_DEBUG_INFO = NO;
				MTL_FAST_MATH = YES;
				SDKROOT = iphoneos;
				SWIFT_COMPILATION_MODE = wholemodule;
				SWIFT_OPTIMIZATION_LEVEL = "-O";
				VALIDATE_PRODUCT = YES;
			};
			name = Release;
		};
		35149FDD24C9C3B600AC9F06 /* Debug */ = {
			isa = XCBuildConfiguration;
			buildSettings = {
				ASSETCATALOG_COMPILER_COMPLICATION_NAME = Complication;
				CODE_SIGN_STYLE = Automatic;
				INFOPLIST_FILE = "PsychicTester WatchKit Extension/Info.plist";
				LD_RUNPATH_SEARCH_PATHS = (
					"$(inherited)",
					"@executable_path/Frameworks",
					"@executable_path/../../Frameworks",
				);
				PRODUCT_BUNDLE_IDENTIFIER = com.example.stanford.PsychicTester.watchkitapp.watchkitextension;
				PRODUCT_NAME = "${TARGET_NAME}";
				SDKROOT = watchos;
				SKIP_INSTALL = YES;
				SWIFT_VERSION = 5.0;
				TARGETED_DEVICE_FAMILY = 4;
				WATCHOS_DEPLOYMENT_TARGET = 6.2;
			};
			name = Debug;
		};
		35149FDE24C9C3B600AC9F06 /* Release */ = {
			isa = XCBuildConfiguration;
			buildSettings = {
				ASSETCATALOG_COMPILER_COMPLICATION_NAME = Complication;
				CODE_SIGN_STYLE = Automatic;
				INFOPLIST_FILE = "PsychicTester WatchKit Extension/Info.plist";
				LD_RUNPATH_SEARCH_PATHS = (
					"$(inherited)",
					"@executable_path/Frameworks",
					"@executable_path/../../Frameworks",
				);
				PRODUCT_BUNDLE_IDENTIFIER = com.example.stanford.PsychicTester.watchkitapp.watchkitextension;
				PRODUCT_NAME = "${TARGET_NAME}";
				SDKROOT = watchos;
				SKIP_INSTALL = YES;
				SWIFT_VERSION = 5.0;
				TARGETED_DEVICE_FAMILY = 4;
				WATCHOS_DEPLOYMENT_TARGET = 6.2;
			};
			name = Release;
		};
		35149FE124C9C3B600AC9F06 /* Debug */ = {
			isa = XCBuildConfiguration;
			buildSettings = {
				ALWAYS_EMBED_SWIFT_STANDARD_LIBRARIES = YES;
				ASSETCATALOG_COMPILER_APPICON_NAME = AppIcon;
				CODE_SIGN_STYLE = Automatic;
				IBSC_MODULE = PsychicTester_WatchKit_Extension;
				INFOPLIST_FILE = "PsychicTester WatchKit App/Info.plist";
				PRODUCT_BUNDLE_IDENTIFIER = com.example.stanford.PsychicTester.watchkitapp;
				PRODUCT_NAME = "$(TARGET_NAME)";
				SDKROOT = watchos;
				SKIP_INSTALL = YES;
				SWIFT_VERSION = 5.0;
				TARGETED_DEVICE_FAMILY = 4;
				WATCHOS_DEPLOYMENT_TARGET = 6.2;
			};
			name = Debug;
		};
		35149FE224C9C3B600AC9F06 /* Release */ = {
			isa = XCBuildConfiguration;
			buildSettings = {
				ALWAYS_EMBED_SWIFT_STANDARD_LIBRARIES = YES;
				ASSETCATALOG_COMPILER_APPICON_NAME = AppIcon;
				CODE_SIGN_STYLE = Automatic;
				IBSC_MODULE = PsychicTester_WatchKit_Extension;
				INFOPLIST_FILE = "PsychicTester WatchKit App/Info.plist";
				PRODUCT_BUNDLE_IDENTIFIER = com.example.stanford.PsychicTester.watchkitapp;
				PRODUCT_NAME = "$(TARGET_NAME)";
				SDKROOT = watchos;
				SKIP_INSTALL = YES;
				SWIFT_VERSION = 5.0;
				TARGETED_DEVICE_FAMILY = 4;
				WATCHOS_DEPLOYMENT_TARGET = 6.2;
			};
			name = Release;
		};
		35149FE524C9C3B600AC9F06 /* Debug */ = {
			isa = XCBuildConfiguration;
			buildSettings = {
				ASSETCATALOG_COMPILER_APPICON_NAME = AppIcon;
				CODE_SIGN_STYLE = Automatic;
				INFOPLIST_FILE = PsychicTester/Info.plist;
				LD_RUNPATH_SEARCH_PATHS = (
					"$(inherited)",
					"@executable_path/Frameworks",
				);
				PRODUCT_BUNDLE_IDENTIFIER = com.example.stanford.PsychicTester;
				PRODUCT_NAME = "$(TARGET_NAME)";
				SWIFT_VERSION = 5.0;
				TARGETED_DEVICE_FAMILY = 1;
			};
			name = Debug;
		};
		35149FE624C9C3B600AC9F06 /* Release */ = {
			isa = XCBuildConfiguration;
			buildSettings = {
				ASSETCATALOG_COMPILER_APPICON_NAME = AppIcon;
				CODE_SIGN_STYLE = Automatic;
				INFOPLIST_FILE = PsychicTester/Info.plist;
				LD_RUNPATH_SEARCH_PATHS = (
					"$(inherited)",
					"@executable_path/Frameworks",
				);
				PRODUCT_BUNDLE_IDENTIFIER = com.example.stanford.PsychicTester;
				PRODUCT_NAME = "$(TARGET_NAME)";
				SWIFT_VERSION = 5.0;
				TARGETED_DEVICE_FAMILY = 1;
			};
			name = Release;
		};
/* End XCBuildConfiguration section */

/* Begin XCConfigurationList section */
		35149FA624C9C3B300AC9F06 /* Build configuration list for PBXProject "PsychicTester" */ = {
			isa = XCConfigurationList;
			buildConfigurations = (
				35149FDA24C9C3B600AC9F06 /* Debug */,
				35149FDB24C9C3B600AC9F06 /* Release */,
			);
			defaultConfigurationIsVisible = 0;
			defaultConfigurationName = Release;
		};
		35149FDC24C9C3B600AC9F06 /* Build configuration list for PBXNativeTarget "PsychicTester WatchKit Extension" */ = {
			isa = XCConfigurationList;
			buildConfigurations = (
				35149FDD24C9C3B600AC9F06 /* Debug */,
				35149FDE24C9C3B600AC9F06 /* Release */,
			);
			defaultConfigurationIsVisible = 0;
			defaultConfigurationName = Release;
		};
		35149FE024C9C3B600AC9F06 /* Build configuration list for PBXNativeTarget "PsychicTester WatchKit App" */ = {
			isa = XCConfigurationList;
			buildConfigurations = (
				35149FE124C9C3B600AC9F06 /* Debug */,
				35149FE224C9C3B600AC9F06 /* Release */,
			);
			defaultConfigurationIsVisible = 0;
			defaultConfigurationName = Release;
		};
		35149FE424C9C3B600AC9F06 /* Build configuration list for PBXNativeTarget "PsychicTester" */ = {
			isa = XCConfigurationList;
			buildConfigurations = (
				35149FE524C9C3B600AC9F06 /* Debug */,
				35149FE624C9C3B600AC9F06 /* Release */,
			);
			defaultConfigurationIsVisible = 0;
			defaultConfigurationName = Release;
		};
/* End XCConfigurationList section */
	};
	rootObject = 35149FA324C9C3B300AC9F06 /* Project object */;
}
